github.com/jjcollinge/servicefabric v0.0.2-0.20180125130438-8eebe170fa1b h1:7uVeTMd+3V33Hl/ON+7/br/x+aDsJhNXkpjMAiy+sRc=
github.com/jjcollinge/servicefabric v0.0.2-0.20180125130438-8eebe170fa1b/go.mod h1:B1V4fd6vKwSO6pQq0mcBnxcbwjpeNu1y6fDworxmNvY=
github.com/traefik/genconf v0.1.0 h1:8keeE9vUfR0wxLWZwlcB83N+KTTu2TiRc9hscXmvFcE=
github.com/traefik/genconf v0.1.0/go.mod h1:zm9jSTkB99RNH2QKSNodU314PQ8VQRb4h1mDeqz+tnI=
