# This file is autogenerated, do not edit; changes may be undone by the next 'dep ensure'.



[[projects]]
  digest = "1:cebdc70bfddcba5a018d20299f06ea8734aa251c71e6f5ded6d1feb0382724da"
  name = "github.com/jjcollinge/servicefabric"
  packages = ["."]
  pruneopts = ""
  revision = "8eebe170fa1ba25d3dfb928b3f86a7313b13b9fe"
